
Microsoft Visual Studio Solution File, Format Version 12.00
# Visual Studio Version 17
VisualStudioVersion = 17.9.34616.47
MinimumVisualStudioVersion = 10.0.40219.1
Project("{9A19103F-16F7-4668-BE54-9A1E7A4F7556}") = "Views", "TreeView\Views.csproj", "{C73990E8-A312-4634-AED8-A8E31E313B65}"
EndProject
Global
	GlobalSection(SolutionConfigurationPlatforms) = preSolution
		Debug|Any CPU = Debug|Any CPU
		Release|Any CPU = Release|Any CPU
	EndGlobalSection
	GlobalSection(ProjectConfigurationPlatforms) = postSolution
		{C73990E8-A312-4634-AED8-A8E31E313B65}.Debug|Any CPU.ActiveCfg = Debug|Any CPU
		{C73990E8-A312-4634-AED8-A8E31E313B65}.Debug|Any CPU.Build.0 = Debug|Any CPU
		{C73990E8-A312-4634-AED8-A8E31E313B65}.Release|Any CPU.ActiveCfg = Release|Any CPU
		{C73990E8-A312-4634-AED8-A8E31E313B65}.Release|Any CPU.Build.0 = Release|Any CPU
	EndGlobalSection
	GlobalSection(SolutionProperties) = preSolution
		HideSolutionNode = FALSE
	EndGlobalSection
	GlobalSection(ExtensibilityGlobals) = postSolution
		SolutionGuid = {E3D1CEED-AB1E-4ADD-8E85-9267897DF3FC}
	EndGlobalSection
EndGlobal
